// !$*UTF8*$!
{
	archiveVersion = 1;
	classes = {
	};
	objectVersion = 60;
	objects = {

/* Begin PBXBuildFile section */
		1619D3862C2929EA00A4C6FA /* FetchView.swift in Sources */ = {isa = PBXBuildFile; fileRef = 1619D3852C2929EA00A4C6FA /* FetchView.swift */; };
		1619D3882C29D12200A4C6FA /* FetchViewDelegate.swift in Sources */ = {isa = PBXBuildFile; fileRef = 1619D3872C29D11D00A4C6FA /* FetchViewDelegate.swift */; };
		1619D38A2C29D14D00A4C6FA /* MajorCity.swift in Sources */ = {isa = PBXBuildFile; fileRef = 1619D3892C29D14400A4C6FA /* MajorCity.swift */; };
		165DFD922C24B083005144C8 /* AppDelegate.swift in Sources */ = {isa = PBXBuildFile; fileRef = 165DFD912C24B083005144C8 /* AppDelegate.swift */; };
		165DFD942C24B083005144C8 /* SceneDelegate.swift in Sources */ = {isa = PBXBuildFile; fileRef = 165DFD932C24B083005144C8 /* SceneDelegate.swift */; };
		165DFD9B2C24B085005144C8 /* Assets.xcassets in Resources */ = {isa = PBXBuildFile; fileRef = 165DFD9A2C24B085005144C8 /* Assets.xcassets */; };
		165DFDA92C24B085005144C8 /* PENN_Code_ChallengeTests.swift in Sources */ = {isa = PBXBuildFile; fileRef = 165DFDA82C24B085005144C8 /* PENN_Code_ChallengeTests.swift */; };
		165DFDB32C24B085005144C8 /* PENN_Code_ChallengeUITests.swift in Sources */ = {isa = PBXBuildFile; fileRef = 165DFDB22C24B085005144C8 /* PENN_Code_ChallengeUITests.swift */; };
		165DFDB52C24B085005144C8 /* PENN_Code_ChallengeUITestsLaunchTests.swift in Sources */ = {isa = PBXBuildFile; fileRef = 165DFDB42C24B085005144C8 /* PENN_Code_ChallengeUITestsLaunchTests.swift */; };
		1675CA452C261F470088094E /* AQIData.swift in Sources */ = {isa = PBXBuildFile; fileRef = 1675CA442C261F3E0088094E /* AQIData.swift */; };
		1675CA472C261F4F0088094E /* AQIDataDetails.swift in Sources */ = {isa = PBXBuildFile; fileRef = 1675CA462C261F4B0088094E /* AQIDataDetails.swift */; };
		1675CA492C2629270088094E /* NetworkManager.swift in Sources */ = {isa = PBXBuildFile; fileRef = 1675CA482C2629220088094E /* NetworkManager.swift */; };
		16B12F272C2899A600CF6B65 /* Main.storyboard in Resources */ = {isa = PBXBuildFile; fileRef = 16B12F262C2899A600CF6B65 /* Main.storyboard */; };
		16B12F292C2899C500CF6B65 /* LaunchScreen.storyboard in Resources */ = {isa = PBXBuildFile; fileRef = 16B12F282C2899C500CF6B65 /* LaunchScreen.storyboard */; };
		16B12F2D2C289ECF00CF6B65 /* FirebaseAnalytics in Frameworks */ = {isa = PBXBuildFile; productRef = 16B12F2C2C289ECF00CF6B65 /* FirebaseAnalytics */; };
		16B12F2F2C289ECF00CF6B65 /* FirebaseAuth in Frameworks */ = {isa = PBXBuildFile; productRef = 16B12F2E2C289ECF00CF6B65 /* FirebaseAuth */; };
		16B12F312C289ECF00CF6B65 /* FirebaseFirestore in Frameworks */ = {isa = PBXBuildFile; productRef = 16B12F302C289ECF00CF6B65 /* FirebaseFirestore */; };
		16B12F332C289ECF00CF6B65 /* FirebaseFirestoreSwift in Frameworks */ = {isa = PBXBuildFile; productRef = 16B12F322C289ECF00CF6B65 /* FirebaseFirestoreSwift */; };
		16B12F352C289ECF00CF6B65 /* FirebasePerformance in Frameworks */ = {isa = PBXBuildFile; productRef = 16B12F342C289ECF00CF6B65 /* FirebasePerformance */; };
		16B12F372C289F9C00CF6B65 /* GoogleService-Info.plist in Resources */ = {isa = PBXBuildFile; fileRef = 16B12F362C289F9C00CF6B65 /* GoogleService-Info.plist */; };
		16B12F3A2C28A61900CF6B65 /* CustomUIView.swift in Sources */ = {isa = PBXBuildFile; fileRef = 16B12F392C28A61900CF6B65 /* CustomUIView.swift */; };
		16B12F3C2C28C04A00CF6B65 /* LoginViewController.swift in Sources */ = {isa = PBXBuildFile; fileRef = 16B12F3B2C28C04A00CF6B65 /* LoginViewController.swift */; };
		16B12F422C28CC2500CF6B65 /* CustomBlurView.swift in Sources */ = {isa = PBXBuildFile; fileRef = 16B12F402C28CC2500CF6B65 /* CustomBlurView.swift */; };
		16B12F432C28CC2500CF6B65 /* CustomTabBarViewController.swift in Sources */ = {isa = PBXBuildFile; fileRef = 16B12F3F2C28CC2500CF6B65 /* CustomTabBarViewController.swift */; };
		16B12F442C28CC2500CF6B65 /* CustomImageView.swift in Sources */ = {isa = PBXBuildFile; fileRef = 16B12F412C28CC2500CF6B65 /* CustomImageView.swift */; };
		16B12F462C28ED0F00CF6B65 /* FirebaseInAppMessaging-Beta in Frameworks */ = {isa = PBXBuildFile; productRef = 16B12F452C28ED0F00CF6B65 /* FirebaseInAppMessaging-Beta */; };
		16B12F482C28ED0F00CF6B65 /* FirebaseInAppMessagingSwift-Beta in Frameworks */ = {isa = PBXBuildFile; productRef = 16B12F472C28ED0F00CF6B65 /* FirebaseInAppMessagingSwift-Beta */; };
		16B12F4A2C28ED0F00CF6B65 /* FirebaseMessaging in Frameworks */ = {isa = PBXBuildFile; productRef = 16B12F492C28ED0F00CF6B65 /* FirebaseMessaging */; };
		16B12F4C2C28F11B00CF6B65 /* FirebaseFunctions in Frameworks */ = {isa = PBXBuildFile; productRef = 16B12F4B2C28F11B00CF6B65 /* FirebaseFunctions */; };
		16B12F4E2C29032000CF6B65 /* HomeViewController.swift in Sources */ = {isa = PBXBuildFile; fileRef = 16B12F4D2C29032000CF6B65 /* HomeViewController.swift */; };
/* End PBXBuildFile section */

/* Begin PBXContainerItemProxy section */
		165DFDA52C24B085005144C8 /* PBXContainerItemProxy */ = {
			isa = PBXContainerItemProxy;
			containerPortal = 165DFD862C24B083005144C8 /* Project object */;
			proxyType = 1;
			remoteGlobalIDString = 165DFD8D2C24B083005144C8;
			remoteInfo = "PENN Code Challenge";
		};
		165DFDAF2C24B085005144C8 /* PBXContainerItemProxy */ = {
			isa = PBXContainerItemProxy;
			containerPortal = 165DFD862C24B083005144C8 /* Project object */;
			proxyType = 1;
			remoteGlobalIDString = 165DFD8D2C24B083005144C8;
			remoteInfo = "PENN Code Challenge";
		};
/* End PBXContainerItemProxy section */

/* Begin PBXFileReference section */
		1619D3852C2929EA00A4C6FA /* FetchView.swift */ = {isa = PBXFileReference; lastKnownFileType = sourcecode.swift; path = FetchView.swift; sourceTree = "<group>"; };
		1619D3872C29D11D00A4C6FA /* FetchViewDelegate.swift */ = {isa = PBXFileReference; lastKnownFileType = sourcecode.swift; path = FetchViewDelegate.swift; sourceTree = "<group>"; };
		1619D3892C29D14400A4C6FA /* MajorCity.swift */ = {isa = PBXFileReference; lastKnownFileType = sourcecode.swift; path = MajorCity.swift; sourceTree = "<group>"; };
		165DFD8E2C24B083005144C8 /* PENN Code Challenge.app */ = {isa = PBXFileReference; explicitFileType = wrapper.application; includeInIndex = 0; path = "PENN Code Challenge.app"; sourceTree = BUILT_PRODUCTS_DIR; };
		165DFD912C24B083005144C8 /* AppDelegate.swift */ = {isa = PBXFileReference; lastKnownFileType = sourcecode.swift; path = AppDelegate.swift; sourceTree = "<group>"; };
		165DFD932C24B083005144C8 /* SceneDelegate.swift */ = {isa = PBXFileReference; lastKnownFileType = sourcecode.swift; path = SceneDelegate.swift; sourceTree = "<group>"; };
		165DFD9A2C24B085005144C8 /* Assets.xcassets */ = {isa = PBXFileReference; lastKnownFileType = folder.assetcatalog; path = Assets.xcassets; sourceTree = "<group>"; };
		165DFD9F2C24B085005144C8 /* Info.plist */ = {isa = PBXFileReference; lastKnownFileType = text.plist.xml; path = Info.plist; sourceTree = "<group>"; };
		165DFDA42C24B085005144C8 /* PENN Code ChallengeTests.xctest */ = {isa = PBXFileReference; explicitFileType = wrapper.cfbundle; includeInIndex = 0; path = "PENN Code ChallengeTests.xctest"; sourceTree = BUILT_PRODUCTS_DIR; };
		165DFDA82C24B085005144C8 /* PENN_Code_ChallengeTests.swift */ = {isa = PBXFileReference; lastKnownFileType = sourcecode.swift; path = PENN_Code_ChallengeTests.swift; sourceTree = "<group>"; };
		165DFDAE2C24B085005144C8 /* PENN Code ChallengeUITests.xctest */ = {isa = PBXFileReference; explicitFileType = wrapper.cfbundle; includeInIndex = 0; path = "PENN Code ChallengeUITests.xctest"; sourceTree = BUILT_PRODUCTS_DIR; };
		165DFDB22C24B085005144C8 /* PENN_Code_ChallengeUITests.swift */ = {isa = PBXFileReference; lastKnownFileType = sourcecode.swift; path = PENN_Code_ChallengeUITests.swift; sourceTree = "<group>"; };
		165DFDB42C24B085005144C8 /* PENN_Code_ChallengeUITestsLaunchTests.swift */ = {isa = PBXFileReference; lastKnownFileType = sourcecode.swift; path = PENN_Code_ChallengeUITestsLaunchTests.swift; sourceTree = "<group>"; };
		1675CA442C261F3E0088094E /* AQIData.swift */ = {isa = PBXFileReference; lastKnownFileType = sourcecode.swift; path = AQIData.swift; sourceTree = "<group>"; };
		1675CA462C261F4B0088094E /* AQIDataDetails.swift */ = {isa = PBXFileReference; lastKnownFileType = sourcecode.swift; path = AQIDataDetails.swift; sourceTree = "<group>"; };
		1675CA482C2629220088094E /* NetworkManager.swift */ = {isa = PBXFileReference; lastKnownFileType = sourcecode.swift; path = NetworkManager.swift; sourceTree = "<group>"; };
		16B12F262C2899A600CF6B65 /* Main.storyboard */ = {isa = PBXFileReference; lastKnownFileType = file.storyboard; path = Main.storyboard; sourceTree = "<group>"; };
		16B12F282C2899C500CF6B65 /* LaunchScreen.storyboard */ = {isa = PBXFileReference; lastKnownFileType = file.storyboard; path = LaunchScreen.storyboard; sourceTree = "<group>"; };
		16B12F362C289F9C00CF6B65 /* GoogleService-Info.plist */ = {isa = PBXFileReference; lastKnownFileType = text.plist.xml; path = "GoogleService-Info.plist"; sourceTree = "<group>"; };
		16B12F392C28A61900CF6B65 /* CustomUIView.swift */ = {isa = PBXFileReference; lastKnownFileType = sourcecode.swift; path = CustomUIView.swift; sourceTree = "<group>"; };
		16B12F3B2C28C04A00CF6B65 /* LoginViewController.swift */ = {isa = PBXFileReference; lastKnownFileType = sourcecode.swift; path = LoginViewController.swift; sourceTree = "<group>"; };
		16B12F3F2C28CC2500CF6B65 /* CustomTabBarViewController.swift */ = {isa = PBXFileReference; lastKnownFileType = sourcecode.swift; path = CustomTabBarViewController.swift; sourceTree = "<group>"; };
		16B12F402C28CC2500CF6B65 /* CustomBlurView.swift */ = {isa = PBXFileReference; lastKnownFileType = sourcecode.swift; path = CustomBlurView.swift; sourceTree = "<group>"; };
		16B12F412C28CC2500CF6B65 /* CustomImageView.swift */ = {isa = PBXFileReference; lastKnownFileType = sourcecode.swift; path = CustomImageView.swift; sourceTree = "<group>"; };
		16B12F4D2C29032000CF6B65 /* HomeViewController.swift */ = {isa = PBXFileReference; lastKnownFileType = sourcecode.swift; path = HomeViewController.swift; sourceTree = "<group>"; };
/* End PBXFileReference section */

/* Begin PBXFrameworksBuildPhase section */
		165DFD8B2C24B083005144C8 /* Frameworks */ = {
			isa = PBXFrameworksBuildPhase;
			buildActionMask = 2147483647;
			files = (
				16B12F4A2C28ED0F00CF6B65 /* FirebaseMessaging in Frameworks */,
				16B12F2D2C289ECF00CF6B65 /* FirebaseAnalytics in Frameworks */,
				16B12F2F2C289ECF00CF6B65 /* FirebaseAuth in Frameworks */,
				16B12F4C2C28F11B00CF6B65 /* FirebaseFunctions in Frameworks */,
				16B12F482C28ED0F00CF6B65 /* FirebaseInAppMessagingSwift-Beta in Frameworks */,
				16B12F352C289ECF00CF6B65 /* FirebasePerformance in Frameworks */,
				16B12F312C289ECF00CF6B65 /* FirebaseFirestore in Frameworks */,
				16B12F332C289ECF00CF6B65 /* FirebaseFirestoreSwift in Frameworks */,
				16B12F462C28ED0F00CF6B65 /* FirebaseInAppMessaging-Beta in Frameworks */,
			);
			runOnlyForDeploymentPostprocessing = 0;
		};
		165DFDA12C24B085005144C8 /* Frameworks */ = {
			isa = PBXFrameworksBuildPhase;
			buildActionMask = 2147483647;
			files = (
			);
			runOnlyForDeploymentPostprocessing = 0;
		};
		165DFDAB2C24B085005144C8 /* Frameworks */ = {
			isa = PBXFrameworksBuildPhase;
			buildActionMask = 2147483647;
			files = (
			);
			runOnlyForDeploymentPostprocessing = 0;
		};
/* End PBXFrameworksBuildPhase section */

/* Begin PBXGroup section */
		165DFD852C24B083005144C8 = {
			isa = PBXGroup;
			children = (
				165DFD902C24B083005144C8 /* PENN Code Challenge */,
				165DFDA72C24B085005144C8 /* PENN Code ChallengeTests */,
				165DFDB12C24B085005144C8 /* PENN Code ChallengeUITests */,
				165DFD8F2C24B083005144C8 /* Products */,
			);
			sourceTree = "<group>";
		};
		165DFD8F2C24B083005144C8 /* Products */ = {
			isa = PBXGroup;
			children = (
				165DFD8E2C24B083005144C8 /* PENN Code Challenge.app */,
				165DFDA42C24B085005144C8 /* PENN Code ChallengeTests.xctest */,
				165DFDAE2C24B085005144C8 /* PENN Code ChallengeUITests.xctest */,
			);
			name = Products;
			sourceTree = "<group>";
		};
		165DFD902C24B083005144C8 /* PENN Code Challenge */ = {
			isa = PBXGroup;
			children = (
				1675CA3C2C261DBB0088094E /* Delegates */,
				1675CA3F2C261DD70088094E /* Controllers */,
				1675CA402C261DE10088094E /* Models */,
				1675CA412C261DF70088094E /* Views */,
				1675CA422C261E060088094E /* Network */,
				16B12F382C28A60F00CF6B65 /* Helpers */,
				165DFD9A2C24B085005144C8 /* Assets.xcassets */,
				165DFD9F2C24B085005144C8 /* Info.plist */,
				16B12F362C289F9C00CF6B65 /* GoogleService-Info.plist */,
				16B12F262C2899A600CF6B65 /* Main.storyboard */,
				16B12F282C2899C500CF6B65 /* LaunchScreen.storyboard */,
			);
			path = "PENN Code Challenge";
			sourceTree = "<group>";
		};
		165DFDA72C24B085005144C8 /* PENN Code ChallengeTests */ = {
			isa = PBXGroup;
			children = (
				165DFDA82C24B085005144C8 /* PENN_Code_ChallengeTests.swift */,
			);
			path = "PENN Code ChallengeTests";
			sourceTree = "<group>";
		};
		165DFDB12C24B085005144C8 /* PENN Code ChallengeUITests */ = {
			isa = PBXGroup;
			children = (
				165DFDB22C24B085005144C8 /* PENN_Code_ChallengeUITests.swift */,
				165DFDB42C24B085005144C8 /* PENN_Code_ChallengeUITestsLaunchTests.swift */,
			);
			path = "PENN Code ChallengeUITests";
			sourceTree = "<group>";
		};
		1675CA3C2C261DBB0088094E /* Delegates */ = {
			isa = PBXGroup;
			children = (
				1619D3872C29D11D00A4C6FA /* FetchViewDelegate.swift */,
				165DFD912C24B083005144C8 /* AppDelegate.swift */,
				165DFD932C24B083005144C8 /* SceneDelegate.swift */,
			);
			path = Delegates;
			sourceTree = "<group>";
		};
		1675CA3F2C261DD70088094E /* Controllers */ = {
			isa = PBXGroup;
			children = (
				16B12F3B2C28C04A00CF6B65 /* LoginViewController.swift */,
				16B12F4D2C29032000CF6B65 /* HomeViewController.swift */,
			);
			path = Controllers;
			sourceTree = "<group>";
		};
		1675CA402C261DE10088094E /* Models */ = {
			isa = PBXGroup;
			children = (
				1619D3892C29D14400A4C6FA /* MajorCity.swift */,
				1675CA462C261F4B0088094E /* AQIDataDetails.swift */,
				1675CA442C261F3E0088094E /* AQIData.swift */,
			);
			path = Models;
			sourceTree = "<group>";
		};
		1675CA412C261DF70088094E /* Views */ = {
			isa = PBXGroup;
			children = (
				1619D3852C2929EA00A4C6FA /* FetchView.swift */,
			);
			path = Views;
			sourceTree = "<group>";
		};
		1675CA422C261E060088094E /* Network */ = {
			isa = PBXGroup;
			children = (
				1675CA482C2629220088094E /* NetworkManager.swift */,
			);
			path = Network;
			sourceTree = "<group>";
		};
		16B12F382C28A60F00CF6B65 /* Helpers */ = {
			isa = PBXGroup;
			children = (
				16B12F3F2C28CC2500CF6B65 /* CustomTabBarViewController.swift */,
				16B12F402C28CC2500CF6B65 /* CustomBlurView.swift */,
				16B12F412C28CC2500CF6B65 /* CustomImageView.swift */,
				16B12F392C28A61900CF6B65 /* CustomUIView.swift */,
			);
			path = Helpers;
			sourceTree = "<group>";
		};
/* End PBXGroup section */

/* Begin PBXNativeTarget section */
		165DFD8D2C24B083005144C8 /* PENN Code Challenge */ = {
			isa = PBXNativeTarget;
			buildConfigurationList = 165DFDB82C24B085005144C8 /* Build configuration list for PBXNativeTarget "PENN Code Challenge" */;
			buildPhases = (
				165DFD8A2C24B083005144C8 /* Sources */,
				165DFD8B2C24B083005144C8 /* Frameworks */,
				165DFD8C2C24B083005144C8 /* Resources */,
			);
			buildRules = (
			);
			dependencies = (
			);
			name = "PENN Code Challenge";
			packageProductDependencies = (
				16B12F2C2C289ECF00CF6B65 /* FirebaseAnalytics */,
				16B12F2E2C289ECF00CF6B65 /* FirebaseAuth */,
				16B12F302C289ECF00CF6B65 /* FirebaseFirestore */,
				16B12F322C289ECF00CF6B65 /* FirebaseFirestoreSwift */,
				16B12F342C289ECF00CF6B65 /* FirebasePerformance */,
				16B12F452C28ED0F00CF6B65 /* FirebaseInAppMessaging-Beta */,
				16B12F472C28ED0F00CF6B65 /* FirebaseInAppMessagingSwift-Beta */,
				16B12F492C28ED0F00CF6B65 /* FirebaseMessaging */,
				16B12F4B2C28F11B00CF6B65 /* FirebaseFunctions */,
			);
			productName = "PENN Code Challenge";
			productReference = 165DFD8E2C24B083005144C8 /* PENN Code Challenge.app */;
			productType = "com.apple.product-type.application";
		};
		165DFDA32C24B085005144C8 /* PENN Code ChallengeTests */ = {
			isa = PBXNativeTarget;
			buildConfigurationList = 165DFDBB2C24B085005144C8 /* Build configuration list for PBXNativeTarget "PENN Code ChallengeTests" */;
			buildPhases = (
				165DFDA02C24B085005144C8 /* Sources */,
				165DFDA12C24B085005144C8 /* Frameworks */,
				165DFDA22C24B085005144C8 /* Resources */,
			);
			buildRules = (
			);
			dependencies = (
				165DFDA62C24B085005144C8 /* PBXTargetDependency */,
			);
			name = "PENN Code ChallengeTests";
			productName = "PENN Code ChallengeTests";
			productReference = 165DFDA42C24B085005144C8 /* PENN Code ChallengeTests.xctest */;
			productType = "com.apple.product-type.bundle.unit-test";
		};
		165DFDAD2C24B085005144C8 /* PENN Code ChallengeUITests */ = {
			isa = PBXNativeTarget;
			buildConfigurationList = 165DFDBE2C24B085005144C8 /* Build configuration list for PBXNativeTarget "PENN Code ChallengeUITests" */;
			buildPhases = (
				165DFDAA2C24B085005144C8 /* Sources */,
				165DFDAB2C24B085005144C8 /* Frameworks */,
				165DFDAC2C24B085005144C8 /* Resources */,
			);
			buildRules = (
			);
			dependencies = (
				165DFDB02C24B085005144C8 /* PBXTargetDependency */,
			);
			name = "PENN Code ChallengeUITests";
			productName = "PENN Code ChallengeUITests";
			productReference = 165DFDAE2C24B085005144C8 /* PENN Code ChallengeUITests.xctest */;
			productType = "com.apple.product-type.bundle.ui-testing";
		};
/* End PBXNativeTarget section */

/* Begin PBXProject section */
		165DFD862C24B083005144C8 /* Project object */ = {
			isa = PBXProject;
			attributes = {
				BuildIndependentTargetsInParallel = 1;
				LastSwiftUpdateCheck = 1600;
				LastUpgradeCheck = 1600;
				TargetAttributes = {
					165DFD8D2C24B083005144C8 = {
						CreatedOnToolsVersion = 16.0;
					};
					165DFDA32C24B085005144C8 = {
						CreatedOnToolsVersion = 16.0;
						TestTargetID = 165DFD8D2C24B083005144C8;
					};
					165DFDAD2C24B085005144C8 = {
						CreatedOnToolsVersion = 16.0;
						TestTargetID = 165DFD8D2C24B083005144C8;
					};
				};
			};
			buildConfigurationList = 165DFD892C24B083005144C8 /* Build configuration list for PBXProject "PENN Code Challenge" */;
			compatibilityVersion = "Xcode 15.0";
			developmentRegion = en;
			hasScannedForEncodings = 0;
			knownRegions = (
				en,
				Base,
			);
			mainGroup = 165DFD852C24B083005144C8;
			packageReferences = (
				16B12F2B2C289E5F00CF6B65 /* XCRemoteSwiftPackageReference "firebase-ios-sdk" */,
			);
			productRefGroup = 165DFD8F2C24B083005144C8 /* Products */;
			projectDirPath = "";
			projectRoot = "";
			targets = (
				165DFD8D2C24B083005144C8 /* PENN Code Challenge */,
				165DFDA32C24B085005144C8 /* PENN Code ChallengeTests */,
				165DFDAD2C24B085005144C8 /* PENN Code ChallengeUITests */,
			);
		};
/* End PBXProject section */

/* Begin PBXResourcesBuildPhase section */
		165DFD8C2C24B083005144C8 /* Resources */ = {
			isa = PBXResourcesBuildPhase;
			buildActionMask = 2147483647;
			files = (
				16B12F292C2899C500CF6B65 /* LaunchScreen.storyboard in Resources */,
				16B12F372C289F9C00CF6B65 /* GoogleService-Info.plist in Resources */,
				165DFD9B2C24B085005144C8 /* Assets.xcassets in Resources */,
				16B12F272C2899A600CF6B65 /* Main.storyboard in Resources */,
			);
			runOnlyForDeploymentPostprocessing = 0;
		};
		165DFDA22C24B085005144C8 /* Resources */ = {
			isa = PBXResourcesBuildPhase;
			buildActionMask = 2147483647;
			files = (
			);
			runOnlyForDeploymentPostprocessing = 0;
		};
		165DFDAC2C24B085005144C8 /* Resources */ = {
			isa = PBXResourcesBuildPhase;
			buildActionMask = 2147483647;
			files = (
			);
			runOnlyForDeploymentPostprocessing = 0;
		};
/* End PBXResourcesBuildPhase section */

/* Begin PBXSourcesBuildPhase section */
		165DFD8A2C24B083005144C8 /* Sources */ = {
			isa = PBXSourcesBuildPhase;
			buildActionMask = 2147483647;
			files = (
				1619D3862C2929EA00A4C6FA /* FetchView.swift in Sources */,
				16B12F3C2C28C04A00CF6B65 /* LoginViewController.swift in Sources */,
				1675CA492C2629270088094E /* NetworkManager.swift in Sources */,
				16B12F3A2C28A61900CF6B65 /* CustomUIView.swift in Sources */,
				1619D38A2C29D14D00A4C6FA /* MajorCity.swift in Sources */,
				1675CA472C261F4F0088094E /* AQIDataDetails.swift in Sources */,
				16B12F422C28CC2500CF6B65 /* CustomBlurView.swift in Sources */,
				16B12F432C28CC2500CF6B65 /* CustomTabBarViewController.swift in Sources */,
				16B12F442C28CC2500CF6B65 /* CustomImageView.swift in Sources */,
				1675CA452C261F470088094E /* AQIData.swift in Sources */,
				16B12F4E2C29032000CF6B65 /* HomeViewController.swift in Sources */,
				165DFD922C24B083005144C8 /* AppDelegate.swift in Sources */,
				165DFD942C24B083005144C8 /* SceneDelegate.swift in Sources */,
				1619D3882C29D12200A4C6FA /* FetchViewDelegate.swift in Sources */,
			);
			runOnlyForDeploymentPostprocessing = 0;
		};
		165DFDA02C24B085005144C8 /* Sources */ = {
			isa = PBXSourcesBuildPhase;
			buildActionMask = 2147483647;
			files = (
				165DFDA92C24B085005144C8 /* PENN_Code_ChallengeTests.swift in Sources */,
			);
			runOnlyForDeploymentPostprocessing = 0;
		};
		165DFDAA2C24B085005144C8 /* Sources */ = {
			isa = PBXSourcesBuildPhase;
			buildActionMask = 2147483647;
			files = (
				165DFDB52C24B085005144C8 /* PENN_Code_ChallengeUITestsLaunchTests.swift in Sources */,
				165DFDB32C24B085005144C8 /* PENN_Code_ChallengeUITests.swift in Sources */,
			);
			runOnlyForDeploymentPostprocessing = 0;
		};
/* End PBXSourcesBuildPhase section */

/* Begin PBXTargetDependency section */
		165DFDA62C24B085005144C8 /* PBXTargetDependency */ = {
			isa = PBXTargetDependency;
			target = 165DFD8D2C24B083005144C8 /* PENN Code Challenge */;
			targetProxy = 165DFDA52C24B085005144C8 /* PBXContainerItemProxy */;
		};
		165DFDB02C24B085005144C8 /* PBXTargetDependency */ = {
			isa = PBXTargetDependency;
			target = 165DFD8D2C24B083005144C8 /* PENN Code Challenge */;
			targetProxy = 165DFDAF2C24B085005144C8 /* PBXContainerItemProxy */;
		};
/* End PBXTargetDependency section */

/* Begin XCBuildConfiguration section */
		165DFDB62C24B085005144C8 /* Debug */ = {
			isa = XCBuildConfiguration;
			buildSettings = {
				ALWAYS_SEARCH_USER_PATHS = NO;
				ASSETCATALOG_COMPILER_GENERATE_SWIFT_ASSET_SYMBOL_EXTENSIONS = YES;
				CLANG_ANALYZER_NONNULL = YES;
				CLANG_ANALYZER_NUMBER_OBJECT_CONVERSION = YES_AGGRESSIVE;
				CLANG_CXX_LANGUAGE_STANDARD = "gnu++20";
				CLANG_ENABLE_MODULES = YES;
				CLANG_ENABLE_OBJC_ARC = YES;
				CLANG_ENABLE_OBJC_WEAK = YES;
				CLANG_WARN_BLOCK_CAPTURE_AUTORELEASING = YES;
				CLANG_WARN_BOOL_CONVERSION = YES;
				CLANG_WARN_COMMA = YES;
				CLANG_WARN_CONSTANT_CONVERSION = YES;
				CLANG_WARN_DEPRECATED_OBJC_IMPLEMENTATIONS = YES;
				CLANG_WARN_DIRECT_OBJC_ISA_USAGE = YES_ERROR;
				CLANG_WARN_DOCUMENTATION_COMMENTS = YES;
				CLANG_WARN_EMPTY_BODY = YES;
				CLANG_WARN_ENUM_CONVERSION = YES;
				CLANG_WARN_INFINITE_RECURSION = YES;
				CLANG_WARN_INT_CONVERSION = YES;
				CLANG_WARN_NON_LITERAL_NULL_CONVERSION = YES;
				CLANG_WARN_OBJC_IMPLICIT_RETAIN_SELF = YES;
				CLANG_WARN_OBJC_LITERAL_CONVERSION = YES;
				CLANG_WARN_OBJC_ROOT_CLASS = YES_ERROR;
				CLANG_WARN_QUOTED_INCLUDE_IN_FRAMEWORK_HEADER = YES;
				CLANG_WARN_RANGE_LOOP_ANALYSIS = YES;
				CLANG_WARN_STRICT_PROTOTYPES = YES;
				CLANG_WARN_SUSPICIOUS_MOVE = YES;
				CLANG_WARN_UNGUARDED_AVAILABILITY = YES_AGGRESSIVE;
				CLANG_WARN_UNREACHABLE_CODE = YES;
				CLANG_WARN__DUPLICATE_METHOD_MATCH = YES;
				COPY_PHASE_STRIP = NO;
				DEBUG_INFORMATION_FORMAT = dwarf;
				ENABLE_STRICT_OBJC_MSGSEND = YES;
				ENABLE_TESTABILITY = YES;
				ENABLE_USER_SCRIPT_SANDBOXING = YES;
				GCC_C_LANGUAGE_STANDARD = gnu17;
				GCC_DYNAMIC_NO_PIC = NO;
				GCC_NO_COMMON_BLOCKS = YES;
				GCC_OPTIMIZATION_LEVEL = 0;
				GCC_PREPROCESSOR_DEFINITIONS = (
					"DEBUG=1",
					"$(inherited)",
				);
				GCC_WARN_64_TO_32_BIT_CONVERSION = YES;
				GCC_WARN_ABOUT_RETURN_TYPE = YES_ERROR;
				GCC_WARN_UNDECLARED_SELECTOR = YES;
				GCC_WARN_UNINITIALIZED_AUTOS = YES_AGGRESSIVE;
				GCC_WARN_UNUSED_FUNCTION = YES;
				GCC_WARN_UNUSED_VARIABLE = YES;
				IPHONEOS_DEPLOYMENT_TARGET = 18.0;
				LOCALIZATION_PREFERS_STRING_CATALOGS = YES;
				MTL_ENABLE_DEBUG_INFO = INCLUDE_SOURCE;
				MTL_FAST_MATH = YES;
				ONLY_ACTIVE_ARCH = YES;
				SDKROOT = iphoneos;
				SWIFT_ACTIVE_COMPILATION_CONDITIONS = "DEBUG $(inherited)";
				SWIFT_OPTIMIZATION_LEVEL = "-Onone";
			};
			name = Debug;
		};
		165DFDB72C24B085005144C8 /* Release */ = {
			isa = XCBuildConfiguration;
			buildSettings = {
				ALWAYS_SEARCH_USER_PATHS = NO;
				ASSETCATALOG_COMPILER_GENERATE_SWIFT_ASSET_SYMBOL_EXTENSIONS = YES;
				CLANG_ANALYZER_NONNULL = YES;
				CLANG_ANALYZER_NUMBER_OBJECT_CONVERSION = YES_AGGRESSIVE;
				CLANG_CXX_LANGUAGE_STANDARD = "gnu++20";
				CLANG_ENABLE_MODULES = YES;
				CLANG_ENABLE_OBJC_ARC = YES;
				CLANG_ENABLE_OBJC_WEAK = YES;
				CLANG_WARN_BLOCK_CAPTURE_AUTORELEASING = YES;
				CLANG_WARN_BOOL_CONVERSION = YES;
				CLANG_WARN_COMMA = YES;
				CLANG_WARN_CONSTANT_CONVERSION = YES;
				CLANG_WARN_DEPRECATED_OBJC_IMPLEMENTATIONS = YES;
				CLANG_WARN_DIRECT_OBJC_ISA_USAGE = YES_ERROR;
				CLANG_WARN_DOCUMENTATION_COMMENTS = YES;
				CLANG_WARN_EMPTY_BODY = YES;
				CLANG_WARN_ENUM_CONVERSION = YES;
				CLANG_WARN_INFINITE_RECURSION = YES;
				CLANG_WARN_INT_CONVERSION = YES;
				CLANG_WARN_NON_LITERAL_NULL_CONVERSION = YES;
				CLANG_WARN_OBJC_IMPLICIT_RETAIN_SELF = YES;
				CLANG_WARN_OBJC_LITERAL_CONVERSION = YES;
				CLANG_WARN_OBJC_ROOT_CLASS = YES_ERROR;
				CLANG_WARN_QUOTED_INCLUDE_IN_FRAMEWORK_HEADER = YES;
				CLANG_WARN_RANGE_LOOP_ANALYSIS = YES;
				CLANG_WARN_STRICT_PROTOTYPES = YES;
				CLANG_WARN_SUSPICIOUS_MOVE = YES;
				CLANG_WARN_UNGUARDED_AVAILABILITY = YES_AGGRESSIVE;
				CLANG_WARN_UNREACHABLE_CODE = YES;
				CLANG_WARN__DUPLICATE_METHOD_MATCH = YES;
				COPY_PHASE_STRIP = NO;
				DEBUG_INFORMATION_FORMAT = "dwarf-with-dsym";
				ENABLE_NS_ASSERTIONS = NO;
				ENABLE_STRICT_OBJC_MSGSEND = YES;
				ENABLE_USER_SCRIPT_SANDBOXING = YES;
				GCC_C_LANGUAGE_STANDARD = gnu17;
				GCC_NO_COMMON_BLOCKS = YES;
				GCC_WARN_64_TO_32_BIT_CONVERSION = YES;
				GCC_WARN_ABOUT_RETURN_TYPE = YES_ERROR;
				GCC_WARN_UNDECLARED_SELECTOR = YES;
				GCC_WARN_UNINITIALIZED_AUTOS = YES_AGGRESSIVE;
				GCC_WARN_UNUSED_FUNCTION = YES;
				GCC_WARN_UNUSED_VARIABLE = YES;
				IPHONEOS_DEPLOYMENT_TARGET = 18.0;
				LOCALIZATION_PREFERS_STRING_CATALOGS = YES;
				MTL_ENABLE_DEBUG_INFO = NO;
				MTL_FAST_MATH = YES;
				SDKROOT = iphoneos;
				SWIFT_COMPILATION_MODE = wholemodule;
				VALIDATE_PRODUCT = YES;
			};
			name = Release;
		};
		165DFDB92C24B085005144C8 /* Debug */ = {
			isa = XCBuildConfiguration;
			buildSettings = {
				ASSETCATALOG_COMPILER_APPICON_NAME = AppIcon;
				ASSETCATALOG_COMPILER_GLOBAL_ACCENT_COLOR_NAME = AccentColor;
				CODE_SIGN_STYLE = Automatic;
				CURRENT_PROJECT_VERSION = 1;
				DEVELOPMENT_TEAM = 4FF4DN62P7;
				GENERATE_INFOPLIST_FILE = YES;
				INFOPLIST_FILE = "PENN Code Challenge/Info.plist";
				INFOPLIST_KEY_NSLocationWhenInUseUsageDescription = "We need your location to provide air quality information.";
				INFOPLIST_KEY_UIApplicationSupportsIndirectInputEvents = YES;
				INFOPLIST_KEY_UILaunchStoryboardName = LaunchScreen;
				INFOPLIST_KEY_UISupportedInterfaceOrientations_iPad = "UIInterfaceOrientationPortrait UIInterfaceOrientationPortraitUpsideDown UIInterfaceOrientationLandscapeLeft UIInterfaceOrientationLandscapeRight";
				INFOPLIST_KEY_UISupportedInterfaceOrientations_iPhone = "UIInterfaceOrientationPortrait UIInterfaceOrientationLandscapeLeft UIInterfaceOrientationLandscapeRight";
				LD_RUNPATH_SEARCH_PATHS = (
					"$(inherited)",
					"@executable_path/Frameworks",
				);
				MARKETING_VERSION = 1.0;
				PRODUCT_BUNDLE_IDENTIFIER = "com.michaeledlin.PENN-Code-Challenge";
				PRODUCT_NAME = "$(TARGET_NAME)";
				SWIFT_EMIT_LOC_STRINGS = YES;
				SWIFT_VERSION = 5.0;
				TARGETED_DEVICE_FAMILY = "1,2";
			};
			name = Debug;
		};
		165DFDBA2C24B085005144C8 /* Release */ = {
			isa = XCBuildConfiguration;
			buildSettings = {
				ASSETCATALOG_COMPILER_APPICON_NAME = AppIcon;
				ASSETCATALOG_COMPILER_GLOBAL_ACCENT_COLOR_NAME = AccentColor;
				CODE_SIGN_STYLE = Automatic;
				CURRENT_PROJECT_VERSION = 1;
				DEVELOPMENT_TEAM = 4FF4DN62P7;
				GENERATE_INFOPLIST_FILE = YES;
				INFOPLIST_FILE = "PENN Code Challenge/Info.plist";
				INFOPLIST_KEY_NSLocationWhenInUseUsageDescription = "We need your location to provide air quality information.";
				INFOPLIST_KEY_UIApplicationSupportsIndirectInputEvents = YES;
				INFOPLIST_KEY_UILaunchStoryboardName = LaunchScreen;
				INFOPLIST_KEY_UISupportedInterfaceOrientations_iPad = "UIInterfaceOrientationPortrait UIInterfaceOrientationPortraitUpsideDown UIInterfaceOrientationLandscapeLeft UIInterfaceOrientationLandscapeRight";
				INFOPLIST_KEY_UISupportedInterfaceOrientations_iPhone = "UIInterfaceOrientationPortrait UIInterfaceOrientationLandscapeLeft UIInterfaceOrientationLandscapeRight";
				LD_RUNPATH_SEARCH_PATHS = (
					"$(inherited)",
					"@executable_path/Frameworks",
				);
				MARKETING_VERSION = 1.0;
				PRODUCT_BUNDLE_IDENTIFIER = "com.michaeledlin.PENN-Code-Challenge";
				PRODUCT_NAME = "$(TARGET_NAME)";
				SWIFT_EMIT_LOC_STRINGS = YES;
				SWIFT_VERSION = 5.0;
				TARGETED_DEVICE_FAMILY = "1,2";
			};
			name = Release;
		};
		165DFDBC2C24B085005144C8 /* Debug */ = {
			isa = XCBuildConfiguration;
			buildSettings = {
				BUNDLE_LOADER = "$(TEST_HOST)";
				CODE_SIGN_STYLE = Automatic;
				CURRENT_PROJECT_VERSION = 1;
				DEVELOPMENT_TEAM = 4FF4DN62P7;
				GENERATE_INFOPLIST_FILE = YES;
				IPHONEOS_DEPLOYMENT_TARGET = 18.0;
				MARKETING_VERSION = 1.0;
				PRODUCT_BUNDLE_IDENTIFIER = "com.michaeledlin.PENN-Code-ChallengeTests";
				PRODUCT_NAME = "$(TARGET_NAME)";
				SWIFT_EMIT_LOC_STRINGS = NO;
				SWIFT_VERSION = 5.0;
				TARGETED_DEVICE_FAMILY = "1,2";
				TEST_HOST = "$(BUILT_PRODUCTS_DIR)/PENN Code Challenge.app/$(BUNDLE_EXECUTABLE_FOLDER_PATH)/PENN Code Challenge";
			};
			name = Debug;
		};
		165DFDBD2C24B085005144C8 /* Release */ = {
			isa = XCBuildConfiguration;
			buildSettings = {
				BUNDLE_LOADER = "$(TEST_HOST)";
				CODE_SIGN_STYLE = Automatic;
				CURRENT_PROJECT_VERSION = 1;
				DEVELOPMENT_TEAM = 4FF4DN62P7;
				GENERATE_INFOPLIST_FILE = YES;
				IPHONEOS_DEPLOYMENT_TARGET = 18.0;
				MARKETING_VERSION = 1.0;
				PRODUCT_BUNDLE_IDENTIFIER = "com.michaeledlin.PENN-Code-ChallengeTests";
				PRODUCT_NAME = "$(TARGET_NAME)";
				SWIFT_EMIT_LOC_STRINGS = NO;
				SWIFT_VERSION = 5.0;
				TARGETED_DEVICE_FAMILY = "1,2";
				TEST_HOST = "$(BUILT_PRODUCTS_DIR)/PENN Code Challenge.app/$(BUNDLE_EXECUTABLE_FOLDER_PATH)/PENN Code Challenge";
			};
			name = Release;
		};
		165DFDBF2C24B085005144C8 /* Debug */ = {
			isa = XCBuildConfiguration;
			buildSettings = {
				CODE_SIGN_STYLE = Automatic;
				CURRENT_PROJECT_VERSION = 1;
				DEVELOPMENT_TEAM = 4FF4DN62P7;
				GENERATE_INFOPLIST_FILE = YES;
				MARKETING_VERSION = 1.0;
				PRODUCT_BUNDLE_IDENTIFIER = "com.michaeledlin.PENN-Code-ChallengeUITests";
				PRODUCT_NAME = "$(TARGET_NAME)";
				SWIFT_EMIT_LOC_STRINGS = NO;
				SWIFT_VERSION = 5.0;
				TARGETED_DEVICE_FAMILY = "1,2";
				TEST_TARGET_NAME = "PENN Code Challenge";
			};
			name = Debug;
		};
		165DFDC02C24B085005144C8 /* Release */ = {
			isa = XCBuildConfiguration;
			buildSettings = {
				CODE_SIGN_STYLE = Automatic;
				CURRENT_PROJECT_VERSION = 1;
				DEVELOPMENT_TEAM = 4FF4DN62P7;
				GENERATE_INFOPLIST_FILE = YES;
				MARKETING_VERSION = 1.0;
				PRODUCT_BUNDLE_IDENTIFIER = "com.michaeledlin.PENN-Code-ChallengeUITests";
				PRODUCT_NAME = "$(TARGET_NAME)";
				SWIFT_EMIT_LOC_STRINGS = NO;
				SWIFT_VERSION = 5.0;
				TARGETED_DEVICE_FAMILY = "1,2";
				TEST_TARGET_NAME = "PENN Code Challenge";
			};
			name = Release;
		};
/* End XCBuildConfiguration section */

/* Begin XCConfigurationList section */
		165DFD892C24B083005144C8 /* Build configuration list for PBXProject "PENN Code Challenge" */ = {
			isa = XCConfigurationList;
			buildConfigurations = (
				165DFDB62C24B085005144C8 /* Debug */,
				165DFDB72C24B085005144C8 /* Release */,
			);
			defaultConfigurationIsVisible = 0;
			defaultConfigurationName = Release;
		};
		165DFDB82C24B085005144C8 /* Build configuration list for PBXNativeTarget "PENN Code Challenge" */ = {
			isa = XCConfigurationList;
			buildConfigurations = (
				165DFDB92C24B085005144C8 /* Debug */,
				165DFDBA2C24B085005144C8 /* Release */,
			);
			defaultConfigurationIsVisible = 0;
			defaultConfigurationName = Release;
		};
		165DFDBB2C24B085005144C8 /* Build configuration list for PBXNativeTarget "PENN Code ChallengeTests" */ = {
			isa = XCConfigurationList;
			buildConfigurations = (
				165DFDBC2C24B085005144C8 /* Debug */,
				165DFDBD2C24B085005144C8 /* Release */,
			);
			defaultConfigurationIsVisible = 0;
			defaultConfigurationName = Release;
		};
		165DFDBE2C24B085005144C8 /* Build configuration list for PBXNativeTarget "PENN Code ChallengeUITests" */ = {
			isa = XCConfigurationList;
			buildConfigurations = (
				165DFDBF2C24B085005144C8 /* Debug */,
				165DFDC02C24B085005144C8 /* Release */,
			);
			defaultConfigurationIsVisible = 0;
			defaultConfigurationName = Release;
		};
/* End XCConfigurationList section */

/* Begin XCRemoteSwiftPackageReference section */
		16B12F2B2C289E5F00CF6B65 /* XCRemoteSwiftPackageReference "firebase-ios-sdk" */ = {
			isa = XCRemoteSwiftPackageReference;
			repositoryURL = "https://github.com/firebase/firebase-ios-sdk.git";
			requirement = {
				kind = upToNextMajorVersion;
				minimumVersion = 10.28.0;
			};
		};
/* End XCRemoteSwiftPackageReference section */

/* Begin XCSwiftPackageProductDependency section */
		16B12F2C2C289ECF00CF6B65 /* FirebaseAnalytics */ = {
			isa = XCSwiftPackageProductDependency;
			package = 16B12F2B2C289E5F00CF6B65 /* XCRemoteSwiftPackageReference "firebase-ios-sdk" */;
			productName = FirebaseAnalytics;
		};
		16B12F2E2C289ECF00CF6B65 /* FirebaseAuth */ = {
			isa = XCSwiftPackageProductDependency;
			package = 16B12F2B2C289E5F00CF6B65 /* XCRemoteSwiftPackageReference "firebase-ios-sdk" */;
			productName = FirebaseAuth;
		};
		16B12F302C289ECF00CF6B65 /* FirebaseFirestore */ = {
			isa = XCSwiftPackageProductDependency;
			package = 16B12F2B2C289E5F00CF6B65 /* XCRemoteSwiftPackageReference "firebase-ios-sdk" */;
			productName = FirebaseFirestore;
		};
		16B12F322C289ECF00CF6B65 /* FirebaseFirestoreSwift */ = {
			isa = XCSwiftPackageProductDependency;
			package = 16B12F2B2C289E5F00CF6B65 /* XCRemoteSwiftPackageReference "firebase-ios-sdk" */;
			productName = FirebaseFirestoreSwift;
		};
		16B12F342C289ECF00CF6B65 /* FirebasePerformance */ = {
			isa = XCSwiftPackageProductDependency;
			package = 16B12F2B2C289E5F00CF6B65 /* XCRemoteSwiftPackageReference "firebase-ios-sdk" */;
			productName = FirebasePerformance;
		};
		16B12F452C28ED0F00CF6B65 /* FirebaseInAppMessaging-Beta */ = {
			isa = XCSwiftPackageProductDependency;
			package = 16B12F2B2C289E5F00CF6B65 /* XCRemoteSwiftPackageReference "firebase-ios-sdk" */;
			productName = "FirebaseInAppMessaging-Beta";
		};
		16B12F472C28ED0F00CF6B65 /* FirebaseInAppMessagingSwift-Beta */ = {
			isa = XCSwiftPackageProductDependency;
			package = 16B12F2B2C289E5F00CF6B65 /* XCRemoteSwiftPackageReference "firebase-ios-sdk" */;
			productName = "FirebaseInAppMessagingSwift-Beta";
		};
		16B12F492C28ED0F00CF6B65 /* FirebaseMessaging */ = {
			isa = XCSwiftPackageProductDependency;
			package = 16B12F2B2C289E5F00CF6B65 /* XCRemoteSwiftPackageReference "firebase-ios-sdk" */;
			productName = FirebaseMessaging;
		};
		16B12F4B2C28F11B00CF6B65 /* FirebaseFunctions */ = {
			isa = XCSwiftPackageProductDependency;
			package = 16B12F2B2C289E5F00CF6B65 /* XCRemoteSwiftPackageReference "firebase-ios-sdk" */;
			productName = FirebaseFunctions;
		};
/* End XCSwiftPackageProductDependency section */
	};
	rootObject = 165DFD862C24B083005144C8 /* Project object */;
}
